// !$*UTF8*$!
{
	archiveVersion = 1;
	classes = {
	};
	objectVersion = 56;
	objects = {

/* Begin PBXBuildFile section */
		6FE148DB2C1182CF003DCA4C /* FirebaseFirestoreSwift in Frameworks */ = {isa = PBXBuildFile; productRef = 6FE148DA2C1182CF003DCA4C /* FirebaseFirestoreSwift */; };
		6FE148DF2C156B01003DCA4C /* NewListView.swift in Sources */ = {isa = PBXBuildFile; fileRef = 6FE148DE2C156B01003DCA4C /* NewListView.swift */; };
		A04F0FBD2C0BD446007E7DF6 /* FirebaseAnalytics in Frameworks */ = {isa = PBXBuildFile; productRef = A04F0FBC2C0BD446007E7DF6 /* FirebaseAnalytics */; };
		A04F0FBF2C0BD446007E7DF6 /* FirebaseAnalyticsSwift in Frameworks */ = {isa = PBXBuildFile; productRef = A04F0FBE2C0BD446007E7DF6 /* FirebaseAnalyticsSwift */; };
		A04F0FC12C0BD446007E7DF6 /* FirebaseAuth in Frameworks */ = {isa = PBXBuildFile; productRef = A04F0FC02C0BD446007E7DF6 /* FirebaseAuth */; };
		A06A2E032C09558600FB2F52 /* TaskManagerAppApp.swift in Sources */ = {isa = PBXBuildFile; fileRef = A06A2E022C09558600FB2F52 /* TaskManagerAppApp.swift */; };
		A06A2E052C09558600FB2F52 /* ContentView.swift in Sources */ = {isa = PBXBuildFile; fileRef = A06A2E042C09558600FB2F52 /* ContentView.swift */; };
		A06A2E072C09558600FB2F52 /* Assets.xcassets in Resources */ = {isa = PBXBuildFile; fileRef = A06A2E062C09558600FB2F52 /* Assets.xcassets */; };
		A06A2E0A2C09558600FB2F52 /* Preview Assets.xcassets in Resources */ = {isa = PBXBuildFile; fileRef = A06A2E092C09558600FB2F52 /* Preview Assets.xcassets */; };
		A06A2E142C09558600FB2F52 /* TaskManagerAppTests.swift in Sources */ = {isa = PBXBuildFile; fileRef = A06A2E132C09558600FB2F52 /* TaskManagerAppTests.swift */; };
		A06A2E1E2C09558600FB2F52 /* TaskManagerAppUITests.swift in Sources */ = {isa = PBXBuildFile; fileRef = A06A2E1D2C09558600FB2F52 /* TaskManagerAppUITests.swift */; };
		A06A2E202C09558600FB2F52 /* TaskManagerAppUITestsLaunchTests.swift in Sources */ = {isa = PBXBuildFile; fileRef = A06A2E1F2C09558600FB2F52 /* TaskManagerAppUITestsLaunchTests.swift */; };
		A0753E3C2C0D1A0D005B9FF3 /* AuthenticationView.swift in Sources */ = {isa = PBXBuildFile; fileRef = A0753E3B2C0D1A0D005B9FF3 /* AuthenticationView.swift */; };
		A0753E3E2C0D1BCE005B9FF3 /* SignInEmailView.swift in Sources */ = {isa = PBXBuildFile; fileRef = A0753E3D2C0D1BCE005B9FF3 /* SignInEmailView.swift */; };
		A0753E402C0D1EDB005B9FF3 /* AuthenticationManager.swift in Sources */ = {isa = PBXBuildFile; fileRef = A0753E3F2C0D1EDB005B9FF3 /* AuthenticationManager.swift */; };
		A0753E422C0D257E005B9FF3 /* RootView.swift in Sources */ = {isa = PBXBuildFile; fileRef = A0753E412C0D257E005B9FF3 /* RootView.swift */; };
		A0753E442C0D291A005B9FF3 /* SettingsView.swift in Sources */ = {isa = PBXBuildFile; fileRef = A0753E432C0D291A005B9FF3 /* SettingsView.swift */; };
		A0B7ADA42C0D5E2600D7DEAE /* GoogleService-Info.plist in Resources */ = {isa = PBXBuildFile; fileRef = A0B7ADA32C0D5E2600D7DEAE /* GoogleService-Info.plist */; };
		A0B7ADA72C0D5F5600D7DEAE /* GoogleSignIn in Frameworks */ = {isa = PBXBuildFile; productRef = A0B7ADA62C0D5F5600D7DEAE /* GoogleSignIn */; };
		A0B7ADA92C0D5F5600D7DEAE /* GoogleSignInSwift in Frameworks */ = {isa = PBXBuildFile; productRef = A0B7ADA82C0D5F5600D7DEAE /* GoogleSignInSwift */; };
		A0B7ADAD2C0D621B00D7DEAE /* Utilities.swift in Sources */ = {isa = PBXBuildFile; fileRef = A0B7ADAC2C0D621B00D7DEAE /* Utilities.swift */; };
		A0B7ADAF2C0D6B3900D7DEAE /* SignInGoogleHelper.swift in Sources */ = {isa = PBXBuildFile; fileRef = A0B7ADAE2C0D6B3900D7DEAE /* SignInGoogleHelper.swift */; };
		A0C3A96E2C11054A000D6F04 /* SignInAppleHelper.swift in Sources */ = {isa = PBXBuildFile; fileRef = A0C3A96D2C11054A000D6F04 /* SignInAppleHelper.swift */; };
		A0EB93AF2C0A565A00AE32F9 /* Screenshot 2024-05-31 at 1.51.57 PM.png in Resources */ = {isa = PBXBuildFile; fileRef = A0EB93AE2C0A565A00AE32F9 /* Screenshot 2024-05-31 at 1.51.57 PM.png */; };
		A0F26D622C16806C0001B104 /* TempWork.swift in Sources */ = {isa = PBXBuildFile; fileRef = A0F26D612C16806C0001B104 /* TempWork.swift */; };
		A0FF8C8B2C17DF3300F86F67 /* FirebaseFirestore in Frameworks */ = {isa = PBXBuildFile; productRef = A0FF8C8A2C17DF3300F86F67 /* FirebaseFirestore */; };
		A0FF8C8F2C17E36B00F86F67 /* SettingsViewModel.swift in Sources */ = {isa = PBXBuildFile; fileRef = A0FF8C8E2C17E36B00F86F67 /* SettingsViewModel.swift */; };
		A0FF8C922C17E3C300F86F67 /* AuthenticationViewModel.swift in Sources */ = {isa = PBXBuildFile; fileRef = A0FF8C912C17E3C300F86F67 /* AuthenticationViewModel.swift */; };
		A0FF8C952C17E46700F86F67 /* SignInEmailViewModel.swift in Sources */ = {isa = PBXBuildFile; fileRef = A0FF8C942C17E46700F86F67 /* SignInEmailViewModel.swift */; };
/* End PBXBuildFile section */

/* Begin PBXContainerItemProxy section */
		A06A2E102C09558600FB2F52 /* PBXContainerItemProxy */ = {
			isa = PBXContainerItemProxy;
			containerPortal = A06A2DF72C09558600FB2F52 /* Project object */;
			proxyType = 1;
			remoteGlobalIDString = A06A2DFE2C09558600FB2F52;
			remoteInfo = TaskManagerApp;
		};
		A06A2E1A2C09558600FB2F52 /* PBXContainerItemProxy */ = {
			isa = PBXContainerItemProxy;
			containerPortal = A06A2DF72C09558600FB2F52 /* Project object */;
			proxyType = 1;
			remoteGlobalIDString = A06A2DFE2C09558600FB2F52;
			remoteInfo = TaskManagerApp;
		};
/* End PBXContainerItemProxy section */

/* Begin PBXFileReference section */
		6FE148DE2C156B01003DCA4C /* NewListView.swift */ = {isa = PBXFileReference; fileEncoding = 4; lastKnownFileType = sourcecode.swift; path = NewListView.swift; sourceTree = "<group>"; };
		A06A2DFF2C09558600FB2F52 /* TaskManagerApp.app */ = {isa = PBXFileReference; explicitFileType = wrapper.application; includeInIndex = 0; path = TaskManagerApp.app; sourceTree = BUILT_PRODUCTS_DIR; };
		A06A2E022C09558600FB2F52 /* TaskManagerAppApp.swift */ = {isa = PBXFileReference; lastKnownFileType = sourcecode.swift; path = TaskManagerAppApp.swift; sourceTree = "<group>"; };
		A06A2E042C09558600FB2F52 /* ContentView.swift */ = {isa = PBXFileReference; lastKnownFileType = sourcecode.swift; path = ContentView.swift; sourceTree = "<group>"; };
		A06A2E062C09558600FB2F52 /* Assets.xcassets */ = {isa = PBXFileReference; lastKnownFileType = folder.assetcatalog; path = Assets.xcassets; sourceTree = "<group>"; };
		A06A2E092C09558600FB2F52 /* Preview Assets.xcassets */ = {isa = PBXFileReference; lastKnownFileType = folder.assetcatalog; path = "Preview Assets.xcassets"; sourceTree = "<group>"; };
		A06A2E0F2C09558600FB2F52 /* TaskManagerAppTests.xctest */ = {isa = PBXFileReference; explicitFileType = wrapper.cfbundle; includeInIndex = 0; path = TaskManagerAppTests.xctest; sourceTree = BUILT_PRODUCTS_DIR; };
		A06A2E132C09558600FB2F52 /* TaskManagerAppTests.swift */ = {isa = PBXFileReference; lastKnownFileType = sourcecode.swift; path = TaskManagerAppTests.swift; sourceTree = "<group>"; };
		A06A2E192C09558600FB2F52 /* TaskManagerAppUITests.xctest */ = {isa = PBXFileReference; explicitFileType = wrapper.cfbundle; includeInIndex = 0; path = TaskManagerAppUITests.xctest; sourceTree = BUILT_PRODUCTS_DIR; };
		A06A2E1D2C09558600FB2F52 /* TaskManagerAppUITests.swift */ = {isa = PBXFileReference; lastKnownFileType = sourcecode.swift; path = TaskManagerAppUITests.swift; sourceTree = "<group>"; };
		A06A2E1F2C09558600FB2F52 /* TaskManagerAppUITestsLaunchTests.swift */ = {isa = PBXFileReference; lastKnownFileType = sourcecode.swift; path = TaskManagerAppUITestsLaunchTests.swift; sourceTree = "<group>"; };
		A0753E3B2C0D1A0D005B9FF3 /* AuthenticationView.swift */ = {isa = PBXFileReference; lastKnownFileType = sourcecode.swift; path = AuthenticationView.swift; sourceTree = "<group>"; };
		A0753E3D2C0D1BCE005B9FF3 /* SignInEmailView.swift */ = {isa = PBXFileReference; lastKnownFileType = sourcecode.swift; path = SignInEmailView.swift; sourceTree = "<group>"; };
		A0753E3F2C0D1EDB005B9FF3 /* AuthenticationManager.swift */ = {isa = PBXFileReference; lastKnownFileType = sourcecode.swift; path = AuthenticationManager.swift; sourceTree = "<group>"; };
		A0753E412C0D257E005B9FF3 /* RootView.swift */ = {isa = PBXFileReference; lastKnownFileType = sourcecode.swift; path = RootView.swift; sourceTree = "<group>"; };
		A0753E432C0D291A005B9FF3 /* SettingsView.swift */ = {isa = PBXFileReference; lastKnownFileType = sourcecode.swift; path = SettingsView.swift; sourceTree = "<group>"; };
		A0B7ADA32C0D5E2600D7DEAE /* GoogleService-Info.plist */ = {isa = PBXFileReference; fileEncoding = 4; lastKnownFileType = text.plist.xml; path = "GoogleService-Info.plist"; sourceTree = "<group>"; };
		A0B7ADAA2C0D5F9200D7DEAE /* Info.plist */ = {isa = PBXFileReference; lastKnownFileType = text.plist; path = Info.plist; sourceTree = "<group>"; };
		A0B7ADAC2C0D621B00D7DEAE /* Utilities.swift */ = {isa = PBXFileReference; lastKnownFileType = sourcecode.swift; path = Utilities.swift; sourceTree = "<group>"; };
		A0B7ADAE2C0D6B3900D7DEAE /* SignInGoogleHelper.swift */ = {isa = PBXFileReference; lastKnownFileType = sourcecode.swift; path = SignInGoogleHelper.swift; sourceTree = "<group>"; };
		A0C3A96C2C10F224000D6F04 /* TaskManagerApp.entitlements */ = {isa = PBXFileReference; lastKnownFileType = text.plist.entitlements; path = TaskManagerApp.entitlements; sourceTree = "<group>"; };
		A0C3A96D2C11054A000D6F04 /* SignInAppleHelper.swift */ = {isa = PBXFileReference; lastKnownFileType = sourcecode.swift; path = SignInAppleHelper.swift; sourceTree = "<group>"; };
		A0EB93AE2C0A565A00AE32F9 /* Screenshot 2024-05-31 at 1.51.57 PM.png */ = {isa = PBXFileReference; lastKnownFileType = image.png; path = "Screenshot 2024-05-31 at 1.51.57 PM.png"; sourceTree = "<group>"; };
		A0F26D612C16806C0001B104 /* TempWork.swift */ = {isa = PBXFileReference; lastKnownFileType = sourcecode.swift; path = TempWork.swift; sourceTree = "<group>"; };
		A0FF8C8E2C17E36B00F86F67 /* SettingsViewModel.swift */ = {isa = PBXFileReference; lastKnownFileType = sourcecode.swift; path = SettingsViewModel.swift; sourceTree = "<group>"; };
		A0FF8C912C17E3C300F86F67 /* AuthenticationViewModel.swift */ = {isa = PBXFileReference; lastKnownFileType = sourcecode.swift; path = AuthenticationViewModel.swift; sourceTree = "<group>"; };
		A0FF8C942C17E46700F86F67 /* SignInEmailViewModel.swift */ = {isa = PBXFileReference; lastKnownFileType = sourcecode.swift; path = SignInEmailViewModel.swift; sourceTree = "<group>"; };
/* End PBXFileReference section */

/* Begin PBXFrameworksBuildPhase section */
		A06A2DFC2C09558600FB2F52 /* Frameworks */ = {
			isa = PBXFrameworksBuildPhase;
			buildActionMask = 2147483647;
			files = (
				A0B7ADA92C0D5F5600D7DEAE /* GoogleSignInSwift in Frameworks */,
				A04F0FBF2C0BD446007E7DF6 /* FirebaseAnalyticsSwift in Frameworks */,
				A0B7ADA72C0D5F5600D7DEAE /* GoogleSignIn in Frameworks */,
				A04F0FC12C0BD446007E7DF6 /* FirebaseAuth in Frameworks */,
				A04F0FBD2C0BD446007E7DF6 /* FirebaseAnalytics in Frameworks */,
				6FE148DB2C1182CF003DCA4C /* FirebaseFirestoreSwift in Frameworks */,
				A0FF8C8B2C17DF3300F86F67 /* FirebaseFirestore in Frameworks */,
			);
			runOnlyForDeploymentPostprocessing = 0;
		};
		A06A2E0C2C09558600FB2F52 /* Frameworks */ = {
			isa = PBXFrameworksBuildPhase;
			buildActionMask = 2147483647;
			files = (
			);
			runOnlyForDeploymentPostprocessing = 0;
		};
		A06A2E162C09558600FB2F52 /* Frameworks */ = {
			isa = PBXFrameworksBuildPhase;
			buildActionMask = 2147483647;
			files = (
			);
			runOnlyForDeploymentPostprocessing = 0;
		};
/* End PBXFrameworksBuildPhase section */

/* Begin PBXGroup section */
		6FE148D92C1182CF003DCA4C /* Frameworks */ = {
			isa = PBXGroup;
			children = (
			);
			name = Frameworks;
			sourceTree = "<group>";
		};
		A06A2DF62C09558600FB2F52 = {
			isa = PBXGroup;
			children = (
				A06A2E012C09558600FB2F52 /* TaskManagerApp */,
				A06A2E122C09558600FB2F52 /* TaskManagerAppTests */,
				A06A2E1C2C09558600FB2F52 /* TaskManagerAppUITests */,
				A06A2E002C09558600FB2F52 /* Products */,
				6FE148D92C1182CF003DCA4C /* Frameworks */,
			);
			sourceTree = "<group>";
		};
		A06A2E002C09558600FB2F52 /* Products */ = {
			isa = PBXGroup;
			children = (
				A06A2DFF2C09558600FB2F52 /* TaskManagerApp.app */,
				A06A2E0F2C09558600FB2F52 /* TaskManagerAppTests.xctest */,
				A06A2E192C09558600FB2F52 /* TaskManagerAppUITests.xctest */,
			);
			name = Products;
			sourceTree = "<group>";
		};
		A06A2E012C09558600FB2F52 /* TaskManagerApp */ = {
			isa = PBXGroup;
			children = (
				A0C3A96C2C10F224000D6F04 /* TaskManagerApp.entitlements */,
				A06A2E022C09558600FB2F52 /* TaskManagerAppApp.swift */,
				6FE148DE2C156B01003DCA4C /* NewListView.swift */,
				A0FF8C8C2C17E31A00F86F67 /* Core */,
				A0B7ADAB2C0D61F700D7DEAE /* Utilities */,
				A0753E3A2C0D19E8005B9FF3 /* Authentication */,
				A0B7ADAA2C0D5F9200D7DEAE /* Info.plist */,
				A0B7ADA32C0D5E2600D7DEAE /* GoogleService-Info.plist */,
				A06A2E062C09558600FB2F52 /* Assets.xcassets */,
				A06A2E082C09558600FB2F52 /* Preview Content */,
				A0F26D612C16806C0001B104 /* TempWork.swift */,
			);
			path = TaskManagerApp;
			sourceTree = "<group>";
		};
		A06A2E082C09558600FB2F52 /* Preview Content */ = {
			isa = PBXGroup;
			children = (
				A06A2E092C09558600FB2F52 /* Preview Assets.xcassets */,
				A0EB93AE2C0A565A00AE32F9 /* Screenshot 2024-05-31 at 1.51.57 PM.png */,
			);
			path = "Preview Content";
			sourceTree = "<group>";
		};
		A06A2E122C09558600FB2F52 /* TaskManagerAppTests */ = {
			isa = PBXGroup;
			children = (
				A06A2E132C09558600FB2F52 /* TaskManagerAppTests.swift */,
			);
			path = TaskManagerAppTests;
			sourceTree = "<group>";
		};
		A06A2E1C2C09558600FB2F52 /* TaskManagerAppUITests */ = {
			isa = PBXGroup;
			children = (
				A06A2E1D2C09558600FB2F52 /* TaskManagerAppUITests.swift */,
				A06A2E1F2C09558600FB2F52 /* TaskManagerAppUITestsLaunchTests.swift */,
			);
			path = TaskManagerAppUITests;
			sourceTree = "<group>";
		};
		A0753E3A2C0D19E8005B9FF3 /* Authentication */ = {
			isa = PBXGroup;
			children = (
				A0753E3F2C0D1EDB005B9FF3 /* AuthenticationManager.swift */,
				A0B7ADAE2C0D6B3900D7DEAE /* SignInGoogleHelper.swift */,
				A0C3A96D2C11054A000D6F04 /* SignInAppleHelper.swift */,
			);
			path = Authentication;
			sourceTree = "<group>";
		};
		A0B7ADAB2C0D61F700D7DEAE /* Utilities */ = {
			isa = PBXGroup;
			children = (
				A0B7ADAC2C0D621B00D7DEAE /* Utilities.swift */,
			);
			path = Utilities;
			sourceTree = "<group>";
		};
		A0FF8C8C2C17E31A00F86F67 /* Core */ = {
			isa = PBXGroup;
			children = (
				A0753E412C0D257E005B9FF3 /* RootView.swift */,
				A06A2E042C09558600FB2F52 /* ContentView.swift */,
				A0FF8C902C17E3A200F86F67 /* Authentication */,
				A0FF8C8D2C17E35100F86F67 /* Settings */,
			);
			path = Core;
			sourceTree = "<group>";
		};
		A0FF8C8D2C17E35100F86F67 /* Settings */ = {
			isa = PBXGroup;
			children = (
				A0753E432C0D291A005B9FF3 /* SettingsView.swift */,
				A0FF8C8E2C17E36B00F86F67 /* SettingsViewModel.swift */,
			);
			path = Settings;
			sourceTree = "<group>";
		};
		A0FF8C902C17E3A200F86F67 /* Authentication */ = {
			isa = PBXGroup;
			children = (
				A0753E3B2C0D1A0D005B9FF3 /* AuthenticationView.swift */,
				A0FF8C912C17E3C300F86F67 /* AuthenticationViewModel.swift */,
				A0FF8C932C17E3FB00F86F67 /* Subviews */,
			);
			path = Authentication;
			sourceTree = "<group>";
		};
		A0FF8C932C17E3FB00F86F67 /* Subviews */ = {
			isa = PBXGroup;
			children = (
				A0753E3D2C0D1BCE005B9FF3 /* SignInEmailView.swift */,
				A0FF8C942C17E46700F86F67 /* SignInEmailViewModel.swift */,
			);
			path = Subviews;
			sourceTree = "<group>";
		};
/* End PBXGroup section */

/* Begin PBXNativeTarget section */
		A06A2DFE2C09558600FB2F52 /* TaskManagerApp */ = {
			isa = PBXNativeTarget;
			buildConfigurationList = A06A2E232C09558600FB2F52 /* Build configuration list for PBXNativeTarget "TaskManagerApp" */;
			buildPhases = (
				A06A2DFB2C09558600FB2F52 /* Sources */,
				A06A2DFC2C09558600FB2F52 /* Frameworks */,
				A06A2DFD2C09558600FB2F52 /* Resources */,
			);
			buildRules = (
			);
			dependencies = (
			);
			name = TaskManagerApp;
			packageProductDependencies = (
				A04F0FBC2C0BD446007E7DF6 /* FirebaseAnalytics */,
				A04F0FBE2C0BD446007E7DF6 /* FirebaseAnalyticsSwift */,
				A04F0FC02C0BD446007E7DF6 /* FirebaseAuth */,
				6FE148DA2C1182CF003DCA4C /* FirebaseFirestoreSwift */,
				A0B7ADA62C0D5F5600D7DEAE /* GoogleSignIn */,
				A0B7ADA82C0D5F5600D7DEAE /* GoogleSignInSwift */,
				A0FF8C8A2C17DF3300F86F67 /* FirebaseFirestore */,
			);
			productName = TaskManagerApp;
			productReference = A06A2DFF2C09558600FB2F52 /* TaskManagerApp.app */;
			productType = "com.apple.product-type.application";
		};
		A06A2E0E2C09558600FB2F52 /* TaskManagerAppTests */ = {
			isa = PBXNativeTarget;
			buildConfigurationList = A06A2E262C09558600FB2F52 /* Build configuration list for PBXNativeTarget "TaskManagerAppTests" */;
			buildPhases = (
				A06A2E0B2C09558600FB2F52 /* Sources */,
				A06A2E0C2C09558600FB2F52 /* Frameworks */,
				A06A2E0D2C09558600FB2F52 /* Resources */,
			);
			buildRules = (
			);
			dependencies = (
				A06A2E112C09558600FB2F52 /* PBXTargetDependency */,
			);
			name = TaskManagerAppTests;
			productName = TaskManagerAppTests;
			productReference = A06A2E0F2C09558600FB2F52 /* TaskManagerAppTests.xctest */;
			productType = "com.apple.product-type.bundle.unit-test";
		};
		A06A2E182C09558600FB2F52 /* TaskManagerAppUITests */ = {
			isa = PBXNativeTarget;
			buildConfigurationList = A06A2E292C09558600FB2F52 /* Build configuration list for PBXNativeTarget "TaskManagerAppUITests" */;
			buildPhases = (
				A06A2E152C09558600FB2F52 /* Sources */,
				A06A2E162C09558600FB2F52 /* Frameworks */,
				A06A2E172C09558600FB2F52 /* Resources */,
			);
			buildRules = (
			);
			dependencies = (
				A06A2E1B2C09558600FB2F52 /* PBXTargetDependency */,
			);
			name = TaskManagerAppUITests;
			productName = TaskManagerAppUITests;
			productReference = A06A2E192C09558600FB2F52 /* TaskManagerAppUITests.xctest */;
			productType = "com.apple.product-type.bundle.ui-testing";
		};
/* End PBXNativeTarget section */

/* Begin PBXProject section */
		A06A2DF72C09558600FB2F52 /* Project object */ = {
			isa = PBXProject;
			attributes = {
				BuildIndependentTargetsInParallel = 1;
				LastSwiftUpdateCheck = 1540;
				LastUpgradeCheck = 1540;
				TargetAttributes = {
					A06A2DFE2C09558600FB2F52 = {
						CreatedOnToolsVersion = 15.4;
					};
					A06A2E0E2C09558600FB2F52 = {
						CreatedOnToolsVersion = 15.4;
						TestTargetID = A06A2DFE2C09558600FB2F52;
					};
					A06A2E182C09558600FB2F52 = {
						CreatedOnToolsVersion = 15.4;
						TestTargetID = A06A2DFE2C09558600FB2F52;
					};
				};
			};
			buildConfigurationList = A06A2DFA2C09558600FB2F52 /* Build configuration list for PBXProject "TaskManagerApp" */;
			compatibilityVersion = "Xcode 14.0";
			developmentRegion = en;
			hasScannedForEncodings = 0;
			knownRegions = (
				en,
				Base,
			);
			mainGroup = A06A2DF62C09558600FB2F52;
			packageReferences = (
				A04F0FBB2C0BCCED007E7DF6 /* XCRemoteSwiftPackageReference "firebase-ios-sdk" */,
				A0B7ADA52C0D5F0000D7DEAE /* XCRemoteSwiftPackageReference "GoogleSignIn-iOS" */,
			);
			productRefGroup = A06A2E002C09558600FB2F52 /* Products */;
			projectDirPath = "";
			projectRoot = "";
			targets = (
				A06A2DFE2C09558600FB2F52 /* TaskManagerApp */,
				A06A2E0E2C09558600FB2F52 /* TaskManagerAppTests */,
				A06A2E182C09558600FB2F52 /* TaskManagerAppUITests */,
			);
		};
/* End PBXProject section */

/* Begin PBXResourcesBuildPhase section */
		A06A2DFD2C09558600FB2F52 /* Resources */ = {
			isa = PBXResourcesBuildPhase;
			buildActionMask = 2147483647;
			files = (
				A06A2E0A2C09558600FB2F52 /* Preview Assets.xcassets in Resources */,
				A0B7ADA42C0D5E2600D7DEAE /* GoogleService-Info.plist in Resources */,
				A0EB93AF2C0A565A00AE32F9 /* Screenshot 2024-05-31 at 1.51.57 PM.png in Resources */,
				A06A2E072C09558600FB2F52 /* Assets.xcassets in Resources */,
			);
			runOnlyForDeploymentPostprocessing = 0;
		};
		A06A2E0D2C09558600FB2F52 /* Resources */ = {
			isa = PBXResourcesBuildPhase;
			buildActionMask = 2147483647;
			files = (
			);
			runOnlyForDeploymentPostprocessing = 0;
		};
		A06A2E172C09558600FB2F52 /* Resources */ = {
			isa = PBXResourcesBuildPhase;
			buildActionMask = 2147483647;
			files = (
			);
			runOnlyForDeploymentPostprocessing = 0;
		};
/* End PBXResourcesBuildPhase section */

/* Begin PBXSourcesBuildPhase section */
		A06A2DFB2C09558600FB2F52 /* Sources */ = {
			isa = PBXSourcesBuildPhase;
			buildActionMask = 2147483647;
			files = (
				A0753E422C0D257E005B9FF3 /* RootView.swift in Sources */,
				A0753E3E2C0D1BCE005B9FF3 /* SignInEmailView.swift in Sources */,
				A0753E442C0D291A005B9FF3 /* SettingsView.swift in Sources */,
				A0FF8C922C17E3C300F86F67 /* AuthenticationViewModel.swift in Sources */,
				A0753E402C0D1EDB005B9FF3 /* AuthenticationManager.swift in Sources */,
				A0FF8C8F2C17E36B00F86F67 /* SettingsViewModel.swift in Sources */,
				A0B7ADAF2C0D6B3900D7DEAE /* SignInGoogleHelper.swift in Sources */,
				A06A2E052C09558600FB2F52 /* ContentView.swift in Sources */,
				A0F26D622C16806C0001B104 /* TempWork.swift in Sources */,
				A0C3A96E2C11054A000D6F04 /* SignInAppleHelper.swift in Sources */,
				A06A2E032C09558600FB2F52 /* TaskManagerAppApp.swift in Sources */,
				A0B7ADAD2C0D621B00D7DEAE /* Utilities.swift in Sources */,
				A0753E3C2C0D1A0D005B9FF3 /* AuthenticationView.swift in Sources */,
				6FE148DF2C156B01003DCA4C /* NewListView.swift in Sources */,
				A0FF8C952C17E46700F86F67 /* SignInEmailViewModel.swift in Sources */,
			);
			runOnlyForDeploymentPostprocessing = 0;
		};
		A06A2E0B2C09558600FB2F52 /* Sources */ = {
			isa = PBXSourcesBuildPhase;
			buildActionMask = 2147483647;
			files = (
				A06A2E142C09558600FB2F52 /* TaskManagerAppTests.swift in Sources */,
			);
			runOnlyForDeploymentPostprocessing = 0;
		};
		A06A2E152C09558600FB2F52 /* Sources */ = {
			isa = PBXSourcesBuildPhase;
			buildActionMask = 2147483647;
			files = (
				A06A2E1E2C09558600FB2F52 /* TaskManagerAppUITests.swift in Sources */,
				A06A2E202C09558600FB2F52 /* TaskManagerAppUITestsLaunchTests.swift in Sources */,
			);
			runOnlyForDeploymentPostprocessing = 0;
		};
/* End PBXSourcesBuildPhase section */

/* Begin PBXTargetDependency section */
		A06A2E112C09558600FB2F52 /* PBXTargetDependency */ = {
			isa = PBXTargetDependency;
			target = A06A2DFE2C09558600FB2F52 /* TaskManagerApp */;
			targetProxy = A06A2E102C09558600FB2F52 /* PBXContainerItemProxy */;
		};
		A06A2E1B2C09558600FB2F52 /* PBXTargetDependency */ = {
			isa = PBXTargetDependency;
			target = A06A2DFE2C09558600FB2F52 /* TaskManagerApp */;
			targetProxy = A06A2E1A2C09558600FB2F52 /* PBXContainerItemProxy */;
		};
/* End PBXTargetDependency section */

/* Begin XCBuildConfiguration section */
		A06A2E212C09558600FB2F52 /* Debug */ = {
			isa = XCBuildConfiguration;
			buildSettings = {
				ALWAYS_SEARCH_USER_PATHS = NO;
				ASSETCATALOG_COMPILER_GENERATE_SWIFT_ASSET_SYMBOL_EXTENSIONS = YES;
				CLANG_ANALYZER_NONNULL = YES;
				CLANG_ANALYZER_NUMBER_OBJECT_CONVERSION = YES_AGGRESSIVE;
				CLANG_CXX_LANGUAGE_STANDARD = "gnu++20";
				CLANG_ENABLE_MODULES = YES;
				CLANG_ENABLE_OBJC_ARC = YES;
				CLANG_ENABLE_OBJC_WEAK = YES;
				CLANG_WARN_BLOCK_CAPTURE_AUTORELEASING = YES;
				CLANG_WARN_BOOL_CONVERSION = YES;
				CLANG_WARN_COMMA = YES;
				CLANG_WARN_CONSTANT_CONVERSION = YES;
				CLANG_WARN_DEPRECATED_OBJC_IMPLEMENTATIONS = YES;
				CLANG_WARN_DIRECT_OBJC_ISA_USAGE = YES_ERROR;
				CLANG_WARN_DOCUMENTATION_COMMENTS = YES;
				CLANG_WARN_EMPTY_BODY = YES;
				CLANG_WARN_ENUM_CONVERSION = YES;
				CLANG_WARN_INFINITE_RECURSION = YES;
				CLANG_WARN_INT_CONVERSION = YES;
				CLANG_WARN_NON_LITERAL_NULL_CONVERSION = YES;
				CLANG_WARN_OBJC_IMPLICIT_RETAIN_SELF = YES;
				CLANG_WARN_OBJC_LITERAL_CONVERSION = YES;
				CLANG_WARN_OBJC_ROOT_CLASS = YES_ERROR;
				CLANG_WARN_QUOTED_INCLUDE_IN_FRAMEWORK_HEADER = YES;
				CLANG_WARN_RANGE_LOOP_ANALYSIS = YES;
				CLANG_WARN_STRICT_PROTOTYPES = YES;
				CLANG_WARN_SUSPICIOUS_MOVE = YES;
				CLANG_WARN_UNGUARDED_AVAILABILITY = YES_AGGRESSIVE;
				CLANG_WARN_UNREACHABLE_CODE = YES;
				CLANG_WARN__DUPLICATE_METHOD_MATCH = YES;
				COPY_PHASE_STRIP = NO;
				DEBUG_INFORMATION_FORMAT = dwarf;
				ENABLE_STRICT_OBJC_MSGSEND = YES;
				ENABLE_TESTABILITY = YES;
				ENABLE_USER_SCRIPT_SANDBOXING = YES;
				GCC_C_LANGUAGE_STANDARD = gnu17;
				GCC_DYNAMIC_NO_PIC = NO;
				GCC_NO_COMMON_BLOCKS = YES;
				GCC_OPTIMIZATION_LEVEL = 0;
				GCC_PREPROCESSOR_DEFINITIONS = (
					"DEBUG=1",
					"$(inherited)",
				);
				GCC_WARN_64_TO_32_BIT_CONVERSION = YES;
				GCC_WARN_ABOUT_RETURN_TYPE = YES_ERROR;
				GCC_WARN_UNDECLARED_SELECTOR = YES;
				GCC_WARN_UNINITIALIZED_AUTOS = YES_AGGRESSIVE;
				GCC_WARN_UNUSED_FUNCTION = YES;
				GCC_WARN_UNUSED_VARIABLE = YES;
				IPHONEOS_DEPLOYMENT_TARGET = 17.5;
				LOCALIZATION_PREFERS_STRING_CATALOGS = YES;
				MTL_ENABLE_DEBUG_INFO = INCLUDE_SOURCE;
				MTL_FAST_MATH = YES;
				ONLY_ACTIVE_ARCH = YES;
				SDKROOT = iphoneos;
				SWIFT_ACTIVE_COMPILATION_CONDITIONS = "DEBUG $(inherited)";
				SWIFT_OPTIMIZATION_LEVEL = "-Onone";
			};
			name = Debug;
		};
		A06A2E222C09558600FB2F52 /* Release */ = {
			isa = XCBuildConfiguration;
			buildSettings = {
				ALWAYS_SEARCH_USER_PATHS = NO;
				ASSETCATALOG_COMPILER_GENERATE_SWIFT_ASSET_SYMBOL_EXTENSIONS = YES;
				CLANG_ANALYZER_NONNULL = YES;
				CLANG_ANALYZER_NUMBER_OBJECT_CONVERSION = YES_AGGRESSIVE;
				CLANG_CXX_LANGUAGE_STANDARD = "gnu++20";
				CLANG_ENABLE_MODULES = YES;
				CLANG_ENABLE_OBJC_ARC = YES;
				CLANG_ENABLE_OBJC_WEAK = YES;
				CLANG_WARN_BLOCK_CAPTURE_AUTORELEASING = YES;
				CLANG_WARN_BOOL_CONVERSION = YES;
				CLANG_WARN_COMMA = YES;
				CLANG_WARN_CONSTANT_CONVERSION = YES;
				CLANG_WARN_DEPRECATED_OBJC_IMPLEMENTATIONS = YES;
				CLANG_WARN_DIRECT_OBJC_ISA_USAGE = YES_ERROR;
				CLANG_WARN_DOCUMENTATION_COMMENTS = YES;
				CLANG_WARN_EMPTY_BODY = YES;
				CLANG_WARN_ENUM_CONVERSION = YES;
				CLANG_WARN_INFINITE_RECURSION = YES;
				CLANG_WARN_INT_CONVERSION = YES;
				CLANG_WARN_NON_LITERAL_NULL_CONVERSION = YES;
				CLANG_WARN_OBJC_IMPLICIT_RETAIN_SELF = YES;
				CLANG_WARN_OBJC_LITERAL_CONVERSION = YES;
				CLANG_WARN_OBJC_ROOT_CLASS = YES_ERROR;
				CLANG_WARN_QUOTED_INCLUDE_IN_FRAMEWORK_HEADER = YES;
				CLANG_WARN_RANGE_LOOP_ANALYSIS = YES;
				CLANG_WARN_STRICT_PROTOTYPES = YES;
				CLANG_WARN_SUSPICIOUS_MOVE = YES;
				CLANG_WARN_UNGUARDED_AVAILABILITY = YES_AGGRESSIVE;
				CLANG_WARN_UNREACHABLE_CODE = YES;
				CLANG_WARN__DUPLICATE_METHOD_MATCH = YES;
				COPY_PHASE_STRIP = NO;
				DEBUG_INFORMATION_FORMAT = "dwarf-with-dsym";
				ENABLE_NS_ASSERTIONS = NO;
				ENABLE_STRICT_OBJC_MSGSEND = YES;
				ENABLE_USER_SCRIPT_SANDBOXING = YES;
				GCC_C_LANGUAGE_STANDARD = gnu17;
				GCC_NO_COMMON_BLOCKS = YES;
				GCC_WARN_64_TO_32_BIT_CONVERSION = YES;
				GCC_WARN_ABOUT_RETURN_TYPE = YES_ERROR;
				GCC_WARN_UNDECLARED_SELECTOR = YES;
				GCC_WARN_UNINITIALIZED_AUTOS = YES_AGGRESSIVE;
				GCC_WARN_UNUSED_FUNCTION = YES;
				GCC_WARN_UNUSED_VARIABLE = YES;
				IPHONEOS_DEPLOYMENT_TARGET = 17.5;
				LOCALIZATION_PREFERS_STRING_CATALOGS = YES;
				MTL_ENABLE_DEBUG_INFO = NO;
				MTL_FAST_MATH = YES;
				SDKROOT = iphoneos;
				SWIFT_COMPILATION_MODE = wholemodule;
				VALIDATE_PRODUCT = YES;
			};
			name = Release;
		};
		A06A2E242C09558600FB2F52 /* Debug */ = {
			isa = XCBuildConfiguration;
			buildSettings = {
				ASSETCATALOG_COMPILER_APPICON_NAME = AppIcon;
				ASSETCATALOG_COMPILER_GLOBAL_ACCENT_COLOR_NAME = AccentColor;
				CODE_SIGN_ENTITLEMENTS = TaskManagerApp/TaskManagerApp.entitlements;
				CODE_SIGN_STYLE = Automatic;
				CURRENT_PROJECT_VERSION = 1;
				DEVELOPMENT_ASSET_PATHS = "\"TaskManagerApp/Preview Content\"";
				DEVELOPMENT_TEAM = Q8P9F4MY28;
				ENABLE_PREVIEWS = YES;
				GENERATE_INFOPLIST_FILE = YES;
				INFOPLIST_FILE = TaskManagerApp/Info.plist;
				INFOPLIST_KEY_UIApplicationSceneManifest_Generation = YES;
				INFOPLIST_KEY_UIApplicationSupportsIndirectInputEvents = YES;
				INFOPLIST_KEY_UILaunchScreen_Generation = YES;
				INFOPLIST_KEY_UISupportedInterfaceOrientations_iPad = "UIInterfaceOrientationPortrait UIInterfaceOrientationPortraitUpsideDown UIInterfaceOrientationLandscapeLeft UIInterfaceOrientationLandscapeRight";
				INFOPLIST_KEY_UISupportedInterfaceOrientations_iPhone = "UIInterfaceOrientationPortrait UIInterfaceOrientationLandscapeLeft UIInterfaceOrientationLandscapeRight";
				LD_RUNPATH_SEARCH_PATHS = (
					"$(inherited)",
					"@executable_path/Frameworks",
				);
				MARKETING_VERSION = 1.0;
				PRODUCT_BUNDLE_IDENTIFIER = com.conant.TaskManagerApp;
				PRODUCT_NAME = "$(TARGET_NAME)";
				SWIFT_EMIT_LOC_STRINGS = YES;
				SWIFT_VERSION = 5.0;
				TARGETED_DEVICE_FAMILY = "1,2";
			};
			name = Debug;
		};
		A06A2E252C09558600FB2F52 /* Release */ = {
			isa = XCBuildConfiguration;
			buildSettings = {
				ASSETCATALOG_COMPILER_APPICON_NAME = AppIcon;
				ASSETCATALOG_COMPILER_GLOBAL_ACCENT_COLOR_NAME = AccentColor;
				CODE_SIGN_ENTITLEMENTS = TaskManagerApp/TaskManagerApp.entitlements;
				CODE_SIGN_STYLE = Automatic;
				CURRENT_PROJECT_VERSION = 1;
				DEVELOPMENT_ASSET_PATHS = "\"TaskManagerApp/Preview Content\"";
				DEVELOPMENT_TEAM = Q8P9F4MY28;
				ENABLE_PREVIEWS = YES;
				GENERATE_INFOPLIST_FILE = YES;
				INFOPLIST_FILE = TaskManagerApp/Info.plist;
				INFOPLIST_KEY_UIApplicationSceneManifest_Generation = YES;
				INFOPLIST_KEY_UIApplicationSupportsIndirectInputEvents = YES;
				INFOPLIST_KEY_UILaunchScreen_Generation = YES;
				INFOPLIST_KEY_UISupportedInterfaceOrientations_iPad = "UIInterfaceOrientationPortrait UIInterfaceOrientationPortraitUpsideDown UIInterfaceOrientationLandscapeLeft UIInterfaceOrientationLandscapeRight";
				INFOPLIST_KEY_UISupportedInterfaceOrientations_iPhone = "UIInterfaceOrientationPortrait UIInterfaceOrientationLandscapeLeft UIInterfaceOrientationLandscapeRight";
				LD_RUNPATH_SEARCH_PATHS = (
					"$(inherited)",
					"@executable_path/Frameworks",
				);
				MARKETING_VERSION = 1.0;
				PRODUCT_BUNDLE_IDENTIFIER = com.conant.TaskManagerApp;
				PRODUCT_NAME = "$(TARGET_NAME)";
				SWIFT_EMIT_LOC_STRINGS = YES;
				SWIFT_VERSION = 5.0;
				TARGETED_DEVICE_FAMILY = "1,2";
			};
			name = Release;
		};
		A06A2E272C09558600FB2F52 /* Debug */ = {
			isa = XCBuildConfiguration;
			buildSettings = {
				ALWAYS_EMBED_SWIFT_STANDARD_LIBRARIES = YES;
				BUNDLE_LOADER = "$(TEST_HOST)";
				CODE_SIGN_STYLE = Automatic;
				CURRENT_PROJECT_VERSION = 1;
				GENERATE_INFOPLIST_FILE = YES;
				IPHONEOS_DEPLOYMENT_TARGET = 17.5;
				MARKETING_VERSION = 1.0;
				PRODUCT_BUNDLE_IDENTIFIER = com.conant.TaskManagerAppTests;
				PRODUCT_NAME = "$(TARGET_NAME)";
				SWIFT_EMIT_LOC_STRINGS = NO;
				SWIFT_VERSION = 5.0;
				TARGETED_DEVICE_FAMILY = "1,2";
				TEST_HOST = "$(BUILT_PRODUCTS_DIR)/TaskManagerApp.app/$(BUNDLE_EXECUTABLE_FOLDER_PATH)/TaskManagerApp";
			};
			name = Debug;
		};
		A06A2E282C09558600FB2F52 /* Release */ = {
			isa = XCBuildConfiguration;
			buildSettings = {
				ALWAYS_EMBED_SWIFT_STANDARD_LIBRARIES = YES;
				BUNDLE_LOADER = "$(TEST_HOST)";
				CODE_SIGN_STYLE = Automatic;
				CURRENT_PROJECT_VERSION = 1;
				GENERATE_INFOPLIST_FILE = YES;
				IPHONEOS_DEPLOYMENT_TARGET = 17.5;
				MARKETING_VERSION = 1.0;
				PRODUCT_BUNDLE_IDENTIFIER = com.conant.TaskManagerAppTests;
				PRODUCT_NAME = "$(TARGET_NAME)";
				SWIFT_EMIT_LOC_STRINGS = NO;
				SWIFT_VERSION = 5.0;
				TARGETED_DEVICE_FAMILY = "1,2";
				TEST_HOST = "$(BUILT_PRODUCTS_DIR)/TaskManagerApp.app/$(BUNDLE_EXECUTABLE_FOLDER_PATH)/TaskManagerApp";
			};
			name = Release;
		};
		A06A2E2A2C09558600FB2F52 /* Debug */ = {
			isa = XCBuildConfiguration;
			buildSettings = {
				ALWAYS_EMBED_SWIFT_STANDARD_LIBRARIES = YES;
				CODE_SIGN_STYLE = Automatic;
				CURRENT_PROJECT_VERSION = 1;
				GENERATE_INFOPLIST_FILE = YES;
				MARKETING_VERSION = 1.0;
				PRODUCT_BUNDLE_IDENTIFIER = com.conant.TaskManagerAppUITests;
				PRODUCT_NAME = "$(TARGET_NAME)";
				SWIFT_EMIT_LOC_STRINGS = NO;
				SWIFT_VERSION = 5.0;
				TARGETED_DEVICE_FAMILY = "1,2";
				TEST_TARGET_NAME = TaskManagerApp;
			};
			name = Debug;
		};
		A06A2E2B2C09558600FB2F52 /* Release */ = {
			isa = XCBuildConfiguration;
			buildSettings = {
				ALWAYS_EMBED_SWIFT_STANDARD_LIBRARIES = YES;
				CODE_SIGN_STYLE = Automatic;
				CURRENT_PROJECT_VERSION = 1;
				GENERATE_INFOPLIST_FILE = YES;
				MARKETING_VERSION = 1.0;
				PRODUCT_BUNDLE_IDENTIFIER = com.conant.TaskManagerAppUITests;
				PRODUCT_NAME = "$(TARGET_NAME)";
				SWIFT_EMIT_LOC_STRINGS = NO;
				SWIFT_VERSION = 5.0;
				TARGETED_DEVICE_FAMILY = "1,2";
				TEST_TARGET_NAME = TaskManagerApp;
			};
			name = Release;
		};
/* End XCBuildConfiguration section */

/* Begin XCConfigurationList section */
		A06A2DFA2C09558600FB2F52 /* Build configuration list for PBXProject "TaskManagerApp" */ = {
			isa = XCConfigurationList;
			buildConfigurations = (
				A06A2E212C09558600FB2F52 /* Debug */,
				A06A2E222C09558600FB2F52 /* Release */,
			);
			defaultConfigurationIsVisible = 0;
			defaultConfigurationName = Release;
		};
		A06A2E232C09558600FB2F52 /* Build configuration list for PBXNativeTarget "TaskManagerApp" */ = {
			isa = XCConfigurationList;
			buildConfigurations = (
				A06A2E242C09558600FB2F52 /* Debug */,
				A06A2E252C09558600FB2F52 /* Release */,
			);
			defaultConfigurationIsVisible = 0;
			defaultConfigurationName = Release;
		};
		A06A2E262C09558600FB2F52 /* Build configuration list for PBXNativeTarget "TaskManagerAppTests" */ = {
			isa = XCConfigurationList;
			buildConfigurations = (
				A06A2E272C09558600FB2F52 /* Debug */,
				A06A2E282C09558600FB2F52 /* Release */,
			);
			defaultConfigurationIsVisible = 0;
			defaultConfigurationName = Release;
		};
		A06A2E292C09558600FB2F52 /* Build configuration list for PBXNativeTarget "TaskManagerAppUITests" */ = {
			isa = XCConfigurationList;
			buildConfigurations = (
				A06A2E2A2C09558600FB2F52 /* Debug */,
				A06A2E2B2C09558600FB2F52 /* Release */,
			);
			defaultConfigurationIsVisible = 0;
			defaultConfigurationName = Release;
		};
/* End XCConfigurationList section */

/* Begin XCRemoteSwiftPackageReference section */
		A04F0FBB2C0BCCED007E7DF6 /* XCRemoteSwiftPackageReference "firebase-ios-sdk" */ = {
			isa = XCRemoteSwiftPackageReference;
			repositoryURL = "https://github.com/firebase/firebase-ios-sdk";
			requirement = {
				kind = upToNextMajorVersion;
				minimumVersion = 10.27.0;
			};
		};
		A0B7ADA52C0D5F0000D7DEAE /* XCRemoteSwiftPackageReference "GoogleSignIn-iOS" */ = {
			isa = XCRemoteSwiftPackageReference;
			repositoryURL = "https://github.com/google/GoogleSignIn-iOS.git";
			requirement = {
				kind = upToNextMajorVersion;
				minimumVersion = 7.1.0;
			};
		};
/* End XCRemoteSwiftPackageReference section */

/* Begin XCSwiftPackageProductDependency section */
		6FE148DA2C1182CF003DCA4C /* FirebaseFirestoreSwift */ = {
			isa = XCSwiftPackageProductDependency;
			package = A04F0FBB2C0BCCED007E7DF6 /* XCRemoteSwiftPackageReference "firebase-ios-sdk" */;
			productName = FirebaseFirestoreSwift;
		};
		A04F0FBC2C0BD446007E7DF6 /* FirebaseAnalytics */ = {
			isa = XCSwiftPackageProductDependency;
			package = A04F0FBB2C0BCCED007E7DF6 /* XCRemoteSwiftPackageReference "firebase-ios-sdk" */;
			productName = FirebaseAnalytics;
		};
		A04F0FBE2C0BD446007E7DF6 /* FirebaseAnalyticsSwift */ = {
			isa = XCSwiftPackageProductDependency;
			package = A04F0FBB2C0BCCED007E7DF6 /* XCRemoteSwiftPackageReference "firebase-ios-sdk" */;
			productName = FirebaseAnalyticsSwift;
		};
		A04F0FC02C0BD446007E7DF6 /* FirebaseAuth */ = {
			isa = XCSwiftPackageProductDependency;
			package = A04F0FBB2C0BCCED007E7DF6 /* XCRemoteSwiftPackageReference "firebase-ios-sdk" */;
			productName = FirebaseAuth;
		};
		A0B7ADA62C0D5F5600D7DEAE /* GoogleSignIn */ = {
			isa = XCSwiftPackageProductDependency;
			package = A0B7ADA52C0D5F0000D7DEAE /* XCRemoteSwiftPackageReference "GoogleSignIn-iOS" */;
			productName = GoogleSignIn;
		};
		A0B7ADA82C0D5F5600D7DEAE /* GoogleSignInSwift */ = {
			isa = XCSwiftPackageProductDependency;
			package = A0B7ADA52C0D5F0000D7DEAE /* XCRemoteSwiftPackageReference "GoogleSignIn-iOS" */;
			productName = GoogleSignInSwift;
		};
		A0FF8C8A2C17DF3300F86F67 /* FirebaseFirestore */ = {
			isa = XCSwiftPackageProductDependency;
			package = A04F0FBB2C0BCCED007E7DF6 /* XCRemoteSwiftPackageReference "firebase-ios-sdk" */;
			productName = FirebaseFirestore;
		};
/* End XCSwiftPackageProductDependency section */
	};
	rootObject = A06A2DF72C09558600FB2F52 /* Project object */;
}
